
Microsoft Visual Studio Solution File, Format Version 12.00
# Visual Studio Version 17
VisualStudioVersion = 17.4.33403.182
MinimumVisualStudioVersion = 10.0.40219.1
Project("{FAE04EC0-301F-11D3-BF4B-00C04F79EFBC}") = "ChallengeApp", "ChallengeApp\ChallengeApp.csproj", "{A67A78C6-2C92-4F7D-98CD-B43B6E231087}"
EndProject
Global
	GlobalSection(SolutionConfigurationPlatforms) = preSolution
		Debug|Any CPU = Debug|Any CPU
		Release|Any CPU = Release|Any CPU
	EndGlobalSection
	GlobalSection(ProjectConfigurationPlatforms) = postSolution
		{A67A78C6-2C92-4F7D-98CD-B43B6E231087}.Debug|Any CPU.ActiveCfg = Debug|Any CPU
		{A67A78C6-2C92-4F7D-98CD-B43B6E231087}.Debug|Any CPU.Build.0 = Debug|Any CPU
		{A67A78C6-2C92-4F7D-98CD-B43B6E231087}.Release|Any CPU.ActiveCfg = Release|Any CPU
		{A67A78C6-2C92-4F7D-98CD-B43B6E231087}.Release|Any CPU.Build.0 = Release|Any CPU
	EndGlobalSection
	GlobalSection(SolutionProperties) = preSolution
		HideSolutionNode = FALSE
	EndGlobalSection
	GlobalSection(ExtensibilityGlobals) = postSolution
		SolutionGuid = {E7C00FFD-FF4F-40BF-8479-9942D0B1E997}
	EndGlobalSection
EndGlobal
